
Microsoft Visual Studio Solution File, Format Version 12.00
# Visual Studio Version 16
VisualStudioVersion = 16.0.33027.164
MinimumVisualStudioVersion = 10.0.40219.1
Project("{FAE04EC0-301F-11D3-BF4B-00C04F79EFBC}") = "Weekdays", "Weekdays.csproj", "{8F496037-8C08-4890-90F5-97C439208D83}"
EndProject
Global
	GlobalSection(SolutionConfigurationPlatforms) = preSolution
		Debug|Any CPU = Debug|Any CPU
		Release|Any CPU = Release|Any CPU
	EndGlobalSection
	GlobalSection(ProjectConfigurationPlatforms) = postSolution
		{8F496037-8C08-4890-90F5-97C439208D83}.Debug|Any CPU.ActiveCfg = Debug|Any CPU
		{8F496037-8C08-4890-90F5-97C439208D83}.Debug|Any CPU.Build.0 = Debug|Any CPU
		{8F496037-8C08-4890-90F5-97C439208D83}.Release|Any CPU.ActiveCfg = Release|Any CPU
		{8F496037-8C08-4890-90F5-97C439208D83}.Release|Any CPU.Build.0 = Release|Any CPU
	EndGlobalSection
	GlobalSection(SolutionProperties) = preSolution
		HideSolutionNode = FALSE
	EndGlobalSection
	GlobalSection(ExtensibilityGlobals) = postSolution
		SolutionGuid = {46C1F7CF-FFC8-46E6-A7BD-4D1BFF133DC1}
	EndGlobalSection
EndGlobal
